{
    "name": "new",
    "version": "1.0.0",
    "lockfileVersion": 3,
    "requires": true,
    "packages": {
        "": {
            "name": "new",
            "version": "1.0.0",
            "license": "ISC",
            "dependencies": {
                "dz2_generate_password": "^1.0.0"
            }
        },
        "node_modules/dz2_generate_password": {
            "version": "1.0.0",
            "resolved": "https://registry.npmjs.org/dz2_generate_password/-/dz2_generate_password-1.0.0.tgz",
            "integrity": "sha512-91LjuuuL8kQqX46Q2nKNWl0PDUz7mFElw9u/8sLgWRzsFzQcyffmYaC0u8M85qo+Hixo8GfdJsE2ssGCHywGbw=="
        }
    }
}